
Microsoft Visual Studio Solution File, Format Version 12.00
# Visual Studio Version 17
VisualStudioVersion = 17.4.33213.308
MinimumVisualStudioVersion = 10.0.40219.1
Project("{8BC9CEB8-8B4A-11D0-8D11-00A0C91BC942}") = "Tutorial 010", "Tutorial 010.vcxproj", "{F69DC684-8D71-4A4C-A696-CE2AB25F7D17}"
EndProject
Global
	GlobalSection(SolutionConfigurationPlatforms) = preSolution
		Debug|x64 = Debug|x64
		Debug|x86 = Debug|x86
		Release|x64 = Release|x64
		Release|x86 = Release|x86
	EndGlobalSection
	GlobalSection(ProjectConfigurationPlatforms) = postSolution
		{F69DC684-8D71-4A4C-A696-CE2AB25F7D17}.Debug|x64.ActiveCfg = Debug|x64
		{F69DC684-8D71-4A4C-A696-CE2AB25F7D17}.Debug|x64.Build.0 = Debug|x64
		{F69DC684-8D71-4A4C-A696-CE2AB25F7D17}.Debug|x86.ActiveCfg = Debug|Win32
		{F69DC684-8D71-4A4C-A696-CE2AB25F7D17}.Debug|x86.Build.0 = Debug|Win32
		{F69DC684-8D71-4A4C-A696-CE2AB25F7D17}.Release|x64.ActiveCfg = Release|x64
		{F69DC684-8D71-4A4C-A696-CE2AB25F7D17}.Release|x64.Build.0 = Release|x64
		{F69DC684-8D71-4A4C-A696-CE2AB25F7D17}.Release|x86.ActiveCfg = Release|Win32
		{F69DC684-8D71-4A4C-A696-CE2AB25F7D17}.Release|x86.Build.0 = Release|Win32
	EndGlobalSection
	GlobalSection(SolutionProperties) = preSolution
		HideSolutionNode = FALSE
	EndGlobalSection
	GlobalSection(ExtensibilityGlobals) = postSolution
		SolutionGuid = {F786C68B-8268-497D-A034-015ED935F349}
	EndGlobalSection
EndGlobal
